dependencies:
- name: postgresql
  repository: https://charts.bitnami.com/bitnami
  version: 16.7.0
- name: redis
  repository: https://charts.bitnami.com/bitnami
  version: 22.0.0
digest: sha256:d3353008f7725590f56f1343926e8011d2e1e5d0cb19bc6f76751b0a13926725
generated: "2025-08-25T12:09:22.520829075-07:00"
